// !$*UTF8*$!
{
	archiveVersion = 1;
	classes = {
	};
	objectVersion = 55;
	objects = {

/* Begin PBXBuildFile section */
		18BF2BFC27974CC700D68571 /* PyckerApp.swift in Sources */ = {isa = PBXBuildFile; fileRef = 18BF2BFB27974CC700D68571 /* PyckerApp.swift */; };
		18BF2BFE27974CC700D68571 /* ContentView.swift in Sources */ = {isa = PBXBuildFile; fileRef = 18BF2BFD27974CC700D68571 /* ContentView.swift */; };
		18BF2C0027974CC800D68571 /* Assets.xcassets in Resources */ = {isa = PBXBuildFile; fileRef = 18BF2BFF27974CC800D68571 /* Assets.xcassets */; };
		18BF2C0327974CC800D68571 /* Preview Assets.xcassets in Resources */ = {isa = PBXBuildFile; fileRef = 18BF2C0227974CC800D68571 /* Preview Assets.xcassets */; };
		18BF2C0527974CC800D68571 /* Persistence.swift in Sources */ = {isa = PBXBuildFile; fileRef = 18BF2C0427974CC800D68571 /* Persistence.swift */; };
		18BF2C0827974CC800D68571 /* Pycker.xcdatamodeld in Sources */ = {isa = PBXBuildFile; fileRef = 18BF2C0627974CC800D68571 /* Pycker.xcdatamodeld */; };
		18BF2C1227974CC800D68571 /* PyckerTests.swift in Sources */ = {isa = PBXBuildFile; fileRef = 18BF2C1127974CC800D68571 /* PyckerTests.swift */; };
		18BF2C1C27974CC800D68571 /* PyckerUITests.swift in Sources */ = {isa = PBXBuildFile; fileRef = 18BF2C1B27974CC800D68571 /* PyckerUITests.swift */; };
		18BF2C1E27974CC800D68571 /* PyckerUITestsLaunchTests.swift in Sources */ = {isa = PBXBuildFile; fileRef = 18BF2C1D27974CC800D68571 /* PyckerUITestsLaunchTests.swift */; };
/* End PBXBuildFile section */

/* Begin PBXContainerItemProxy section */
		18BF2C0E27974CC800D68571 /* PBXContainerItemProxy */ = {
			isa = PBXContainerItemProxy;
			containerPortal = 18BF2BF027974CC700D68571 /* Project object */;
			proxyType = 1;
			remoteGlobalIDString = 18BF2BF727974CC700D68571;
			remoteInfo = Pycker;
		};
		18BF2C1827974CC800D68571 /* PBXContainerItemProxy */ = {
			isa = PBXContainerItemProxy;
			containerPortal = 18BF2BF027974CC700D68571 /* Project object */;
			proxyType = 1;
			remoteGlobalIDString = 18BF2BF727974CC700D68571;
			remoteInfo = Pycker;
		};
/* End PBXContainerItemProxy section */

/* Begin PBXFileReference section */
		18BF2BF827974CC700D68571 /* Pycker.app */ = {isa = PBXFileReference; explicitFileType = wrapper.application; includeInIndex = 0; path = Pycker.app; sourceTree = BUILT_PRODUCTS_DIR; };
		18BF2BFB27974CC700D68571 /* PyckerApp.swift */ = {isa = PBXFileReference; lastKnownFileType = sourcecode.swift; path = PyckerApp.swift; sourceTree = "<group>"; };
		18BF2BFD27974CC700D68571 /* ContentView.swift */ = {isa = PBXFileReference; lastKnownFileType = sourcecode.swift; path = ContentView.swift; sourceTree = "<group>"; };
		18BF2BFF27974CC800D68571 /* Assets.xcassets */ = {isa = PBXFileReference; lastKnownFileType = folder.assetcatalog; path = Assets.xcassets; sourceTree = "<group>"; };
		18BF2C0227974CC800D68571 /* Preview Assets.xcassets */ = {isa = PBXFileReference; lastKnownFileType = folder.assetcatalog; path = "Preview Assets.xcassets"; sourceTree = "<group>"; };
		18BF2C0427974CC800D68571 /* Persistence.swift */ = {isa = PBXFileReference; lastKnownFileType = sourcecode.swift; path = Persistence.swift; sourceTree = "<group>"; };
		18BF2C0727974CC800D68571 /* Pycker.xcdatamodel */ = {isa = PBXFileReference; lastKnownFileType = wrapper.xcdatamodel; path = Pycker.xcdatamodel; sourceTree = "<group>"; };
		18BF2C0D27974CC800D68571 /* PyckerTests.xctest */ = {isa = PBXFileReference; explicitFileType = wrapper.cfbundle; includeInIndex = 0; path = PyckerTests.xctest; sourceTree = BUILT_PRODUCTS_DIR; };
		18BF2C1127974CC800D68571 /* PyckerTests.swift */ = {isa = PBXFileReference; lastKnownFileType = sourcecode.swift; path = PyckerTests.swift; sourceTree = "<group>"; };
		18BF2C1727974CC800D68571 /* PyckerUITests.xctest */ = {isa = PBXFileReference; explicitFileType = wrapper.cfbundle; includeInIndex = 0; path = PyckerUITests.xctest; sourceTree = BUILT_PRODUCTS_DIR; };
		18BF2C1B27974CC800D68571 /* PyckerUITests.swift */ = {isa = PBXFileReference; lastKnownFileType = sourcecode.swift; path = PyckerUITests.swift; sourceTree = "<group>"; };
		18BF2C1D27974CC800D68571 /* PyckerUITestsLaunchTests.swift */ = {isa = PBXFileReference; lastKnownFileType = sourcecode.swift; path = PyckerUITestsLaunchTests.swift; sourceTree = "<group>"; };
/* End PBXFileReference section */

/* Begin PBXFrameworksBuildPhase section */
		18BF2BF527974CC700D68571 /* Frameworks */ = {
			isa = PBXFrameworksBuildPhase;
			buildActionMask = 2147483647;
			files = (
			);
			runOnlyForDeploymentPostprocessing = 0;
		};
		18BF2C0A27974CC800D68571 /* Frameworks */ = {
			isa = PBXFrameworksBuildPhase;
			buildActionMask = 2147483647;
			files = (
			);
			runOnlyForDeploymentPostprocessing = 0;
		};
		18BF2C1427974CC800D68571 /* Frameworks */ = {
			isa = PBXFrameworksBuildPhase;
			buildActionMask = 2147483647;
			files = (
			);
			runOnlyForDeploymentPostprocessing = 0;
		};
/* End PBXFrameworksBuildPhase section */

/* Begin PBXGroup section */
		18BF2BEF27974CC700D68571 = {
			isa = PBXGroup;
			children = (
				18BF2BFA27974CC700D68571 /* Pycker */,
				18BF2C1027974CC800D68571 /* PyckerTests */,
				18BF2C1A27974CC800D68571 /* PyckerUITests */,
				18BF2BF927974CC700D68571 /* Products */,
			);
			sourceTree = "<group>";
		};
		18BF2BF927974CC700D68571 /* Products */ = {
			isa = PBXGroup;
			children = (
				18BF2BF827974CC700D68571 /* Pycker.app */,
				18BF2C0D27974CC800D68571 /* PyckerTests.xctest */,
				18BF2C1727974CC800D68571 /* PyckerUITests.xctest */,
			);
			name = Products;
			sourceTree = "<group>";
		};
		18BF2BFA27974CC700D68571 /* Pycker */ = {
			isa = PBXGroup;
			children = (
				18BF2BFB27974CC700D68571 /* PyckerApp.swift */,
				18BF2BFD27974CC700D68571 /* ContentView.swift */,
				18BF2BFF27974CC800D68571 /* Assets.xcassets */,
				18BF2C0427974CC800D68571 /* Persistence.swift */,
				18BF2C0627974CC800D68571 /* Pycker.xcdatamodeld */,
				18BF2C0127974CC800D68571 /* Preview Content */,
			);
			path = Pycker;
			sourceTree = "<group>";
		};
		18BF2C0127974CC800D68571 /* Preview Content */ = {
			isa = PBXGroup;
			children = (
				18BF2C0227974CC800D68571 /* Preview Assets.xcassets */,
			);
			path = "Preview Content";
			sourceTree = "<group>";
		};
		18BF2C1027974CC800D68571 /* PyckerTests */ = {
			isa = PBXGroup;
			children = (
				18BF2C1127974CC800D68571 /* PyckerTests.swift */,
			);
			path = PyckerTests;
			sourceTree = "<group>";
		};
		18BF2C1A27974CC800D68571 /* PyckerUITests */ = {
			isa = PBXGroup;
			children = (
				18BF2C1B27974CC800D68571 /* PyckerUITests.swift */,
				18BF2C1D27974CC800D68571 /* PyckerUITestsLaunchTests.swift */,
			);
			path = PyckerUITests;
			sourceTree = "<group>";
		};
/* End PBXGroup section */

/* Begin PBXNativeTarget section */
		18BF2BF727974CC700D68571 /* Pycker */ = {
			isa = PBXNativeTarget;
			buildConfigurationList = 18BF2C2127974CC800D68571 /* Build configuration list for PBXNativeTarget "Pycker" */;
			buildPhases = (
				18BF2BF427974CC700D68571 /* Sources */,
				18BF2BF527974CC700D68571 /* Frameworks */,
				18BF2BF627974CC700D68571 /* Resources */,
			);
			buildRules = (
			);
			dependencies = (
			);
			name = Pycker;
			productName = Pycker;
			productReference = 18BF2BF827974CC700D68571 /* Pycker.app */;
			productType = "com.apple.product-type.application";
		};
		18BF2C0C27974CC800D68571 /* PyckerTests */ = {
			isa = PBXNativeTarget;
			buildConfigurationList = 18BF2C2427974CC800D68571 /* Build configuration list for PBXNativeTarget "PyckerTests" */;
			buildPhases = (
				18BF2C0927974CC800D68571 /* Sources */,
				18BF2C0A27974CC800D68571 /* Frameworks */,
				18BF2C0B27974CC800D68571 /* Resources */,
			);
			buildRules = (
			);
			dependencies = (
				18BF2C0F27974CC800D68571 /* PBXTargetDependency */,
			);
			name = PyckerTests;
			productName = PyckerTests;
			productReference = 18BF2C0D27974CC800D68571 /* PyckerTests.xctest */;
			productType = "com.apple.product-type.bundle.unit-test";
		};
		18BF2C1627974CC800D68571 /* PyckerUITests */ = {
			isa = PBXNativeTarget;
			buildConfigurationList = 18BF2C2727974CC800D68571 /* Build configuration list for PBXNativeTarget "PyckerUITests" */;
			buildPhases = (
				18BF2C1327974CC800D68571 /* Sources */,
				18BF2C1427974CC800D68571 /* Frameworks */,
				18BF2C1527974CC800D68571 /* Resources */,
			);
			buildRules = (
			);
			dependencies = (
				18BF2C1927974CC800D68571 /* PBXTargetDependency */,
			);
			name = PyckerUITests;
			productName = PyckerUITests;
			productReference = 18BF2C1727974CC800D68571 /* PyckerUITests.xctest */;
			productType = "com.apple.product-type.bundle.ui-testing";
		};
/* End PBXNativeTarget section */

/* Begin PBXProject section */
		18BF2BF027974CC700D68571 /* Project object */ = {
			isa = PBXProject;
			attributes = {
				BuildIndependentTargetsInParallel = 1;
				LastSwiftUpdateCheck = 1320;
				LastUpgradeCheck = 1320;
				TargetAttributes = {
					18BF2BF727974CC700D68571 = {
						CreatedOnToolsVersion = 13.2;
					};
					18BF2C0C27974CC800D68571 = {
						CreatedOnToolsVersion = 13.2;
						TestTargetID = 18BF2BF727974CC700D68571;
					};
					18BF2C1627974CC800D68571 = {
						CreatedOnToolsVersion = 13.2;
						TestTargetID = 18BF2BF727974CC700D68571;
					};
				};
			};
			buildConfigurationList = 18BF2BF327974CC700D68571 /* Build configuration list for PBXProject "Pycker" */;
			compatibilityVersion = "Xcode 13.0";
			developmentRegion = en;
			hasScannedForEncodings = 0;
			knownRegions = (
				en,
				Base,
			);
			mainGroup = 18BF2BEF27974CC700D68571;
			productRefGroup = 18BF2BF927974CC700D68571 /* Products */;
			projectDirPath = "";
			projectRoot = "";
			targets = (
				18BF2BF727974CC700D68571 /* Pycker */,
				18BF2C0C27974CC800D68571 /* PyckerTests */,
				18BF2C1627974CC800D68571 /* PyckerUITests */,
			);
		};
/* End PBXProject section */

/* Begin PBXResourcesBuildPhase section */
		18BF2BF627974CC700D68571 /* Resources */ = {
			isa = PBXResourcesBuildPhase;
			buildActionMask = 2147483647;
			files = (
				18BF2C0327974CC800D68571 /* Preview Assets.xcassets in Resources */,
				18BF2C0027974CC800D68571 /* Assets.xcassets in Resources */,
			);
			runOnlyForDeploymentPostprocessing = 0;
		};
		18BF2C0B27974CC800D68571 /* Resources */ = {
			isa = PBXResourcesBuildPhase;
			buildActionMask = 2147483647;
			files = (
			);
			runOnlyForDeploymentPostprocessing = 0;
		};
		18BF2C1527974CC800D68571 /* Resources */ = {
			isa = PBXResourcesBuildPhase;
			buildActionMask = 2147483647;
			files = (
			);
			runOnlyForDeploymentPostprocessing = 0;
		};
/* End PBXResourcesBuildPhase section */

/* Begin PBXSourcesBuildPhase section */
		18BF2BF427974CC700D68571 /* Sources */ = {
			isa = PBXSourcesBuildPhase;
			buildActionMask = 2147483647;
			files = (
				18BF2C0527974CC800D68571 /* Persistence.swift in Sources */,
				18BF2C0827974CC800D68571 /* Pycker.xcdatamodeld in Sources */,
				18BF2BFE27974CC700D68571 /* ContentView.swift in Sources */,
				18BF2BFC27974CC700D68571 /* PyckerApp.swift in Sources */,
			);
			runOnlyForDeploymentPostprocessing = 0;
		};
		18BF2C0927974CC800D68571 /* Sources */ = {
			isa = PBXSourcesBuildPhase;
			buildActionMask = 2147483647;
			files = (
				18BF2C1227974CC800D68571 /* PyckerTests.swift in Sources */,
			);
			runOnlyForDeploymentPostprocessing = 0;
		};
		18BF2C1327974CC800D68571 /* Sources */ = {
			isa = PBXSourcesBuildPhase;
			buildActionMask = 2147483647;
			files = (
				18BF2C1E27974CC800D68571 /* PyckerUITestsLaunchTests.swift in Sources */,
				18BF2C1C27974CC800D68571 /* PyckerUITests.swift in Sources */,
			);
			runOnlyForDeploymentPostprocessing = 0;
		};
/* End PBXSourcesBuildPhase section */

/* Begin PBXTargetDependency section */
		18BF2C0F27974CC800D68571 /* PBXTargetDependency */ = {
			isa = PBXTargetDependency;
			target = 18BF2BF727974CC700D68571 /* Pycker */;
			targetProxy = 18BF2C0E27974CC800D68571 /* PBXContainerItemProxy */;
		};
		18BF2C1927974CC800D68571 /* PBXTargetDependency */ = {
			isa = PBXTargetDependency;
			target = 18BF2BF727974CC700D68571 /* Pycker */;
			targetProxy = 18BF2C1827974CC800D68571 /* PBXContainerItemProxy */;
		};
/* End PBXTargetDependency section */

/* Begin XCBuildConfiguration section */
		18BF2C1F27974CC800D68571 /* Debug */ = {
			isa = XCBuildConfiguration;
			buildSettings = {
				ALWAYS_SEARCH_USER_PATHS = NO;
				CLANG_ANALYZER_NONNULL = YES;
				CLANG_ANALYZER_NUMBER_OBJECT_CONVERSION = YES_AGGRESSIVE;
				CLANG_CXX_LANGUAGE_STANDARD = "gnu++17";
				CLANG_CXX_LIBRARY = "libc++";
				CLANG_ENABLE_MODULES = YES;
				CLANG_ENABLE_OBJC_ARC = YES;
				CLANG_ENABLE_OBJC_WEAK = YES;
				CLANG_WARN_BLOCK_CAPTURE_AUTORELEASING = YES;
				CLANG_WARN_BOOL_CONVERSION = YES;
				CLANG_WARN_COMMA = YES;
				CLANG_WARN_CONSTANT_CONVERSION = YES;
				CLANG_WARN_DEPRECATED_OBJC_IMPLEMENTATIONS = YES;
				CLANG_WARN_DIRECT_OBJC_ISA_USAGE = YES_ERROR;
				CLANG_WARN_DOCUMENTATION_COMMENTS = YES;
				CLANG_WARN_EMPTY_BODY = YES;
				CLANG_WARN_ENUM_CONVERSION = YES;
				CLANG_WARN_INFINITE_RECURSION = YES;
				CLANG_WARN_INT_CONVERSION = YES;
				CLANG_WARN_NON_LITERAL_NULL_CONVERSION = YES;
				CLANG_WARN_OBJC_IMPLICIT_RETAIN_SELF = YES;
				CLANG_WARN_OBJC_LITERAL_CONVERSION = YES;
				CLANG_WARN_OBJC_ROOT_CLASS = YES_ERROR;
				CLANG_WARN_QUOTED_INCLUDE_IN_FRAMEWORK_HEADER = YES;
				CLANG_WARN_RANGE_LOOP_ANALYSIS = YES;
				CLANG_WARN_STRICT_PROTOTYPES = YES;
				CLANG_WARN_SUSPICIOUS_MOVE = YES;
				CLANG_WARN_UNGUARDED_AVAILABILITY = YES_AGGRESSIVE;
				CLANG_WARN_UNREACHABLE_CODE = YES;
				CLANG_WARN__DUPLICATE_METHOD_MATCH = YES;
				COPY_PHASE_STRIP = NO;
				DEBUG_INFORMATION_FORMAT = dwarf;
				ENABLE_STRICT_OBJC_MSGSEND = YES;
				ENABLE_TESTABILITY = YES;
				GCC_C_LANGUAGE_STANDARD = gnu11;
				GCC_DYNAMIC_NO_PIC = NO;
				GCC_NO_COMMON_BLOCKS = YES;
				GCC_OPTIMIZATION_LEVEL = 0;
				GCC_PREPROCESSOR_DEFINITIONS = (
					"DEBUG=1",
					"$(inherited)",
				);
				GCC_WARN_64_TO_32_BIT_CONVERSION = YES;
				GCC_WARN_ABOUT_RETURN_TYPE = YES_ERROR;
				GCC_WARN_UNDECLARED_SELECTOR = YES;
				GCC_WARN_UNINITIALIZED_AUTOS = YES_AGGRESSIVE;
				GCC_WARN_UNUSED_FUNCTION = YES;
				GCC_WARN_UNUSED_VARIABLE = YES;
				IPHONEOS_DEPLOYMENT_TARGET = 15.2;
				MTL_ENABLE_DEBUG_INFO = INCLUDE_SOURCE;
				MTL_FAST_MATH = YES;
				ONLY_ACTIVE_ARCH = YES;
				SDKROOT = iphoneos;
				SWIFT_ACTIVE_COMPILATION_CONDITIONS = DEBUG;
				SWIFT_OPTIMIZATION_LEVEL = "-Onone";
			};
			name = Debug;
		};
		18BF2C2027974CC800D68571 /* Release */ = {
			isa = XCBuildConfiguration;
			buildSettings = {
				ALWAYS_SEARCH_USER_PATHS = NO;
				CLANG_ANALYZER_NONNULL = YES;
				CLANG_ANALYZER_NUMBER_OBJECT_CONVERSION = YES_AGGRESSIVE;
				CLANG_CXX_LANGUAGE_STANDARD = "gnu++17";
				CLANG_CXX_LIBRARY = "libc++";
				CLANG_ENABLE_MODULES = YES;
				CLANG_ENABLE_OBJC_ARC = YES;
				CLANG_ENABLE_OBJC_WEAK = YES;
				CLANG_WARN_BLOCK_CAPTURE_AUTORELEASING = YES;
				CLANG_WARN_BOOL_CONVERSION = YES;
				CLANG_WARN_COMMA = YES;
				CLANG_WARN_CONSTANT_CONVERSION = YES;
				CLANG_WARN_DEPRECATED_OBJC_IMPLEMENTATIONS = YES;
				CLANG_WARN_DIRECT_OBJC_ISA_USAGE = YES_ERROR;
				CLANG_WARN_DOCUMENTATION_COMMENTS = YES;
				CLANG_WARN_EMPTY_BODY = YES;
				CLANG_WARN_ENUM_CONVERSION = YES;
				CLANG_WARN_INFINITE_RECURSION = YES;
				CLANG_WARN_INT_CONVERSION = YES;
				CLANG_WARN_NON_LITERAL_NULL_CONVERSION = YES;
				CLANG_WARN_OBJC_IMPLICIT_RETAIN_SELF = YES;
				CLANG_WARN_OBJC_LITERAL_CONVERSION = YES;
				CLANG_WARN_OBJC_ROOT_CLASS = YES_ERROR;
				CLANG_WARN_QUOTED_INCLUDE_IN_FRAMEWORK_HEADER = YES;
				CLANG_WARN_RANGE_LOOP_ANALYSIS = YES;
				CLANG_WARN_STRICT_PROTOTYPES = YES;
				CLANG_WARN_SUSPICIOUS_MOVE = YES;
				CLANG_WARN_UNGUARDED_AVAILABILITY = YES_AGGRESSIVE;
				CLANG_WARN_UNREACHABLE_CODE = YES;
				CLANG_WARN__DUPLICATE_METHOD_MATCH = YES;
				COPY_PHASE_STRIP = NO;
				DEBUG_INFORMATION_FORMAT = "dwarf-with-dsym";
				ENABLE_NS_ASSERTIONS = NO;
				ENABLE_STRICT_OBJC_MSGSEND = YES;
				GCC_C_LANGUAGE_STANDARD = gnu11;
				GCC_NO_COMMON_BLOCKS = YES;
				GCC_WARN_64_TO_32_BIT_CONVERSION = YES;
				GCC_WARN_ABOUT_RETURN_TYPE = YES_ERROR;
				GCC_WARN_UNDECLARED_SELECTOR = YES;
				GCC_WARN_UNINITIALIZED_AUTOS = YES_AGGRESSIVE;
				GCC_WARN_UNUSED_FUNCTION = YES;
				GCC_WARN_UNUSED_VARIABLE = YES;
				IPHONEOS_DEPLOYMENT_TARGET = 15.2;
				MTL_ENABLE_DEBUG_INFO = NO;
				MTL_FAST_MATH = YES;
				SDKROOT = iphoneos;
				SWIFT_COMPILATION_MODE = wholemodule;
				SWIFT_OPTIMIZATION_LEVEL = "-O";
				VALIDATE_PRODUCT = YES;
			};
			name = Release;
		};
		18BF2C2227974CC800D68571 /* Debug */ = {
			isa = XCBuildConfiguration;
			buildSettings = {
				ASSETCATALOG_COMPILER_APPICON_NAME = AppIcon;
				ASSETCATALOG_COMPILER_GLOBAL_ACCENT_COLOR_NAME = AccentColor;
				CODE_SIGN_STYLE = Automatic;
				CURRENT_PROJECT_VERSION = 1;
				DEVELOPMENT_ASSET_PATHS = "\"Pycker/Preview Content\"";
				DEVELOPMENT_TEAM = L4CX4QKSV5;
				ENABLE_PREVIEWS = YES;
				GENERATE_INFOPLIST_FILE = YES;
				INFOPLIST_KEY_UIApplicationSceneManifest_Generation = YES;
				INFOPLIST_KEY_UIApplicationSupportsIndirectInputEvents = YES;
				INFOPLIST_KEY_UILaunchScreen_Generation = YES;
				INFOPLIST_KEY_UISupportedInterfaceOrientations_iPad = "UIInterfaceOrientationPortrait UIInterfaceOrientationPortraitUpsideDown UIInterfaceOrientationLandscapeLeft UIInterfaceOrientationLandscapeRight";
				INFOPLIST_KEY_UISupportedInterfaceOrientations_iPhone = "UIInterfaceOrientationPortrait UIInterfaceOrientationLandscapeLeft UIInterfaceOrientationLandscapeRight";
				LD_RUNPATH_SEARCH_PATHS = (
					"$(inherited)",
					"@executable_path/Frameworks",
				);
				MARKETING_VERSION = 1.0;
				PRODUCT_BUNDLE_IDENTIFIER = com.esquilli.Pycker;
				PRODUCT_NAME = "$(TARGET_NAME)";
				SWIFT_EMIT_LOC_STRINGS = YES;
				SWIFT_VERSION = 5.0;
				TARGETED_DEVICE_FAMILY = "1,2";
			};
			name = Debug;
		};
		18BF2C2327974CC800D68571 /* Release */ = {
			isa = XCBuildConfiguration;
			buildSettings = {
				ASSETCATALOG_COMPILER_APPICON_NAME = AppIcon;
				ASSETCATALOG_COMPILER_GLOBAL_ACCENT_COLOR_NAME = AccentColor;
				CODE_SIGN_STYLE = Automatic;
				CURRENT_PROJECT_VERSION = 1;
				DEVELOPMENT_ASSET_PATHS = "\"Pycker/Preview Content\"";
				DEVELOPMENT_TEAM = L4CX4QKSV5;
				ENABLE_PREVIEWS = YES;
				GENERATE_INFOPLIST_FILE = YES;
				INFOPLIST_KEY_UIApplicationSceneManifest_Generation = YES;
				INFOPLIST_KEY_UIApplicationSupportsIndirectInputEvents = YES;
				INFOPLIST_KEY_UILaunchScreen_Generation = YES;
				INFOPLIST_KEY_UISupportedInterfaceOrientations_iPad = "UIInterfaceOrientationPortrait UIInterfaceOrientationPortraitUpsideDown UIInterfaceOrientationLandscapeLeft UIInterfaceOrientationLandscapeRight";
				INFOPLIST_KEY_UISupportedInterfaceOrientations_iPhone = "UIInterfaceOrientationPortrait UIInterfaceOrientationLandscapeLeft UIInterfaceOrientationLandscapeRight";
				LD_RUNPATH_SEARCH_PATHS = (
					"$(inherited)",
					"@executable_path/Frameworks",
				);
				MARKETING_VERSION = 1.0;
				PRODUCT_BUNDLE_IDENTIFIER = com.esquilli.Pycker;
				PRODUCT_NAME = "$(TARGET_NAME)";
				SWIFT_EMIT_LOC_STRINGS = YES;
				SWIFT_VERSION = 5.0;
				TARGETED_DEVICE_FAMILY = "1,2";
			};
			name = Release;
		};
		18BF2C2527974CC800D68571 /* Debug */ = {
			isa = XCBuildConfiguration;
			buildSettings = {
				ALWAYS_EMBED_SWIFT_STANDARD_LIBRARIES = YES;
				BUNDLE_LOADER = "$(TEST_HOST)";
				CODE_SIGN_STYLE = Automatic;
				CURRENT_PROJECT_VERSION = 1;
				DEVELOPMENT_TEAM = L4CX4QKSV5;
				GENERATE_INFOPLIST_FILE = YES;
				IPHONEOS_DEPLOYMENT_TARGET = 15.2;
				MARKETING_VERSION = 1.0;
				PRODUCT_BUNDLE_IDENTIFIER = com.esquilli.PyckerTests;
				PRODUCT_NAME = "$(TARGET_NAME)";
				SWIFT_EMIT_LOC_STRINGS = NO;
				SWIFT_VERSION = 5.0;
				TARGETED_DEVICE_FAMILY = "1,2";
				TEST_HOST = "$(BUILT_PRODUCTS_DIR)/Pycker.app/Pycker";
			};
			name = Debug;
		};
		18BF2C2627974CC800D68571 /* Release */ = {
			isa = XCBuildConfiguration;
			buildSettings = {
				ALWAYS_EMBED_SWIFT_STANDARD_LIBRARIES = YES;
				BUNDLE_LOADER = "$(TEST_HOST)";
				CODE_SIGN_STYLE = Automatic;
				CURRENT_PROJECT_VERSION = 1;
				DEVELOPMENT_TEAM = L4CX4QKSV5;
				GENERATE_INFOPLIST_FILE = YES;
				IPHONEOS_DEPLOYMENT_TARGET = 15.2;
				MARKETING_VERSION = 1.0;
				PRODUCT_BUNDLE_IDENTIFIER = com.esquilli.PyckerTests;
				PRODUCT_NAME = "$(TARGET_NAME)";
				SWIFT_EMIT_LOC_STRINGS = NO;
				SWIFT_VERSION = 5.0;
				TARGETED_DEVICE_FAMILY = "1,2";
				TEST_HOST = "$(BUILT_PRODUCTS_DIR)/Pycker.app/Pycker";
			};
			name = Release;
		};
		18BF2C2827974CC800D68571 /* Debug */ = {
			isa = XCBuildConfiguration;
			buildSettings = {
				ALWAYS_EMBED_SWIFT_STANDARD_LIBRARIES = YES;
				CODE_SIGN_STYLE = Automatic;
				CURRENT_PROJECT_VERSION = 1;
				DEVELOPMENT_TEAM = L4CX4QKSV5;
				GENERATE_INFOPLIST_FILE = YES;
				MARKETING_VERSION = 1.0;
				PRODUCT_BUNDLE_IDENTIFIER = com.esquilli.PyckerUITests;
				PRODUCT_NAME = "$(TARGET_NAME)";
				SWIFT_EMIT_LOC_STRINGS = NO;
				SWIFT_VERSION = 5.0;
				TARGETED_DEVICE_FAMILY = "1,2";
				TEST_TARGET_NAME = Pycker;
			};
			name = Debug;
		};
		18BF2C2927974CC800D68571 /* Release */ = {
			isa = XCBuildConfiguration;
			buildSettings = {
				ALWAYS_EMBED_SWIFT_STANDARD_LIBRARIES = YES;
				CODE_SIGN_STYLE = Automatic;
				CURRENT_PROJECT_VERSION = 1;
				DEVELOPMENT_TEAM = L4CX4QKSV5;
				GENERATE_INFOPLIST_FILE = YES;
				MARKETING_VERSION = 1.0;
				PRODUCT_BUNDLE_IDENTIFIER = com.esquilli.PyckerUITests;
				PRODUCT_NAME = "$(TARGET_NAME)";
				SWIFT_EMIT_LOC_STRINGS = NO;
				SWIFT_VERSION = 5.0;
				TARGETED_DEVICE_FAMILY = "1,2";
				TEST_TARGET_NAME = Pycker;
			};
			name = Release;
		};
/* End XCBuildConfiguration section */

/* Begin XCConfigurationList section */
		18BF2BF327974CC700D68571 /* Build configuration list for PBXProject "Pycker" */ = {
			isa = XCConfigurationList;
			buildConfigurations = (
				18BF2C1F27974CC800D68571 /* Debug */,
				18BF2C2027974CC800D68571 /* Release */,
			);
			defaultConfigurationIsVisible = 0;
			defaultConfigurationName = Release;
		};
		18BF2C2127974CC800D68571 /* Build configuration list for PBXNativeTarget "Pycker" */ = {
			isa = XCConfigurationList;
			buildConfigurations = (
				18BF2C2227974CC800D68571 /* Debug */,
				18BF2C2327974CC800D68571 /* Release */,
			);
			defaultConfigurationIsVisible = 0;
			defaultConfigurationName = Release;
		};
		18BF2C2427974CC800D68571 /* Build configuration list for PBXNativeTarget "PyckerTests" */ = {
			isa = XCConfigurationList;
			buildConfigurations = (
				18BF2C2527974CC800D68571 /* Debug */,
				18BF2C2627974CC800D68571 /* Release */,
			);
			defaultConfigurationIsVisible = 0;
			defaultConfigurationName = Release;
		};
		18BF2C2727974CC800D68571 /* Build configuration list for PBXNativeTarget "PyckerUITests" */ = {
			isa = XCConfigurationList;
			buildConfigurations = (
				18BF2C2827974CC800D68571 /* Debug */,
				18BF2C2927974CC800D68571 /* Release */,
			);
			defaultConfigurationIsVisible = 0;
			defaultConfigurationName = Release;
		};
/* End XCConfigurationList section */

/* Begin XCVersionGroup section */
		18BF2C0627974CC800D68571 /* Pycker.xcdatamodeld */ = {
			isa = XCVersionGroup;
			children = (
				18BF2C0727974CC800D68571 /* Pycker.xcdatamodel */,
			);
			currentVersion = 18BF2C0727974CC800D68571 /* Pycker.xcdatamodel */;
			path = Pycker.xcdatamodeld;
			sourceTree = "<group>";
			versionGroupType = wrapper.xcdatamodel;
		};
/* End XCVersionGroup section */
	};
	rootObject = 18BF2BF027974CC700D68571 /* Project object */;
}
